// !$*UTF8*$!
{
	archiveVersion = 1;
	classes = {
	};
	objectVersion = 48;
	objects = {

/* Begin PBXBuildFile section */
		FFCC0A7120043E17007BF275 /* AppDelegate.swift in Sources */ = {isa = PBXBuildFile; fileRef = FFCC0A7020043E17007BF275 /* AppDelegate.swift */; };
		FFCC0A7320043E17007BF275 /* ViewController.swift in Sources */ = {isa = PBXBuildFile; fileRef = FFCC0A7220043E17007BF275 /* ViewController.swift */; };
		FFCC0A7620043E17007BF275 /* Main.storyboard in Resources */ = {isa = PBXBuildFile; fileRef = FFCC0A7420043E17007BF275 /* Main.storyboard */; };
		FFCC0A7820043E17007BF275 /* Assets.xcassets in Resources */ = {isa = PBXBuildFile; fileRef = FFCC0A7720043E17007BF275 /* Assets.xcassets */; };
		FFCC0A7B20043E17007BF275 /* LaunchScreen.storyboard in Resources */ = {isa = PBXBuildFile; fileRef = FFCC0A7920043E17007BF275 /* LaunchScreen.storyboard */; };
		FFCC0A8620043E17007BF275 /* TipperTests.swift in Sources */ = {isa = PBXBuildFile; fileRef = FFCC0A8520043E17007BF275 /* TipperTests.swift */; };
		FFCC0A9120043E17007BF275 /* TipperUITests.swift in Sources */ = {isa = PBXBuildFile; fileRef = FFCC0A9020043E17007BF275 /* TipperUITests.swift */; };
/* End PBXBuildFile section */

/* Begin PBXContainerItemProxy section */
		FFCC0A8220043E17007BF275 /* PBXContainerItemProxy */ = {
			isa = PBXContainerItemProxy;
			containerPortal = FFCC0A6520043E17007BF275 /* Project object */;
			proxyType = 1;
			remoteGlobalIDString = FFCC0A6C20043E17007BF275;
			remoteInfo = Tipper;
		};
		FFCC0A8D20043E17007BF275 /* PBXContainerItemProxy */ = {
			isa = PBXContainerItemProxy;
			containerPortal = FFCC0A6520043E17007BF275 /* Project object */;
			proxyType = 1;
			remoteGlobalIDString = FFCC0A6C20043E17007BF275;
			remoteInfo = Tipper;
		};
/* End PBXContainerItemProxy section */

/* Begin PBXFileReference section */
		FFCC0A6D20043E17007BF275 /* Tipper.app */ = {isa = PBXFileReference; explicitFileType = wrapper.application; includeInIndex = 0; path = Tipper.app; sourceTree = BUILT_PRODUCTS_DIR; };
		FFCC0A7020043E17007BF275 /* AppDelegate.swift */ = {isa = PBXFileReference; lastKnownFileType = sourcecode.swift; path = AppDelegate.swift; sourceTree = "<group>"; };
		FFCC0A7220043E17007BF275 /* ViewController.swift */ = {isa = PBXFileReference; lastKnownFileType = sourcecode.swift; path = ViewController.swift; sourceTree = "<group>"; };
		FFCC0A7520043E17007BF275 /* Base */ = {isa = PBXFileReference; lastKnownFileType = file.storyboard; name = Base; path = Base.lproj/Main.storyboard; sourceTree = "<group>"; };
		FFCC0A7720043E17007BF275 /* Assets.xcassets */ = {isa = PBXFileReference; lastKnownFileType = folder.assetcatalog; path = Assets.xcassets; sourceTree = "<group>"; };
		FFCC0A7A20043E17007BF275 /* Base */ = {isa = PBXFileReference; lastKnownFileType = file.storyboard; name = Base; path = Base.lproj/LaunchScreen.storyboard; sourceTree = "<group>"; };
		FFCC0A7C20043E17007BF275 /* Info.plist */ = {isa = PBXFileReference; lastKnownFileType = text.plist.xml; path = Info.plist; sourceTree = "<group>"; };
		FFCC0A8120043E17007BF275 /* TipperTests.xctest */ = {isa = PBXFileReference; explicitFileType = wrapper.cfbundle; includeInIndex = 0; path = TipperTests.xctest; sourceTree = BUILT_PRODUCTS_DIR; };
		FFCC0A8520043E17007BF275 /* TipperTests.swift */ = {isa = PBXFileReference; lastKnownFileType = sourcecode.swift; path = TipperTests.swift; sourceTree = "<group>"; };
		FFCC0A8720043E17007BF275 /* Info.plist */ = {isa = PBXFileReference; lastKnownFileType = text.plist.xml; path = Info.plist; sourceTree = "<group>"; };
		FFCC0A8C20043E17007BF275 /* TipperUITests.xctest */ = {isa = PBXFileReference; explicitFileType = wrapper.cfbundle; includeInIndex = 0; path = TipperUITests.xctest; sourceTree = BUILT_PRODUCTS_DIR; };
		FFCC0A9020043E17007BF275 /* TipperUITests.swift */ = {isa = PBXFileReference; lastKnownFileType = sourcecode.swift; path = TipperUITests.swift; sourceTree = "<group>"; };
		FFCC0A9220043E17007BF275 /* Info.plist */ = {isa = PBXFileReference; lastKnownFileType = text.plist.xml; path = Info.plist; sourceTree = "<group>"; };
/* End PBXFileReference section */

/* Begin PBXFrameworksBuildPhase section */
		FFCC0A6A20043E17007BF275 /* Frameworks */ = {
			isa = PBXFrameworksBuildPhase;
			buildActionMask = 2147483647;
			files = (
			);
			runOnlyForDeploymentPostprocessing = 0;
		};
		FFCC0A7E20043E17007BF275 /* Frameworks */ = {
			isa = PBXFrameworksBuildPhase;
			buildActionMask = 2147483647;
			files = (
			);
			runOnlyForDeploymentPostprocessing = 0;
		};
		FFCC0A8920043E17007BF275 /* Frameworks */ = {
			isa = PBXFrameworksBuildPhase;
			buildActionMask = 2147483647;
			files = (
			);
			runOnlyForDeploymentPostprocessing = 0;
		};
/* End PBXFrameworksBuildPhase section */

/* Begin PBXGroup section */
		FFCC0A6420043E17007BF275 = {
			isa = PBXGroup;
			children = (
				FFCC0A6F20043E17007BF275 /* Tipper */,
				FFCC0A8420043E17007BF275 /* TipperTests */,
				FFCC0A8F20043E17007BF275 /* TipperUITests */,
				FFCC0A6E20043E17007BF275 /* Products */,
			);
			sourceTree = "<group>";
		};
		FFCC0A6E20043E17007BF275 /* Products */ = {
			isa = PBXGroup;
			children = (
				FFCC0A6D20043E17007BF275 /* Tipper.app */,
				FFCC0A8120043E17007BF275 /* TipperTests.xctest */,
				FFCC0A8C20043E17007BF275 /* TipperUITests.xctest */,
			);
			name = Products;
			sourceTree = "<group>";
		};
		FFCC0A6F20043E17007BF275 /* Tipper */ = {
			isa = PBXGroup;
			children = (
				FFCC0A7020043E17007BF275 /* AppDelegate.swift */,
				FFCC0A7220043E17007BF275 /* ViewController.swift */,
				FFCC0A7420043E17007BF275 /* Main.storyboard */,
				FFCC0A7720043E17007BF275 /* Assets.xcassets */,
				FFCC0A7920043E17007BF275 /* LaunchScreen.storyboard */,
				FFCC0A7C20043E17007BF275 /* Info.plist */,
			);
			path = Tipper;
			sourceTree = "<group>";
		};
		FFCC0A8420043E17007BF275 /* TipperTests */ = {
			isa = PBXGroup;
			children = (
				FFCC0A8520043E17007BF275 /* TipperTests.swift */,
				FFCC0A8720043E17007BF275 /* Info.plist */,
			);
			path = TipperTests;
			sourceTree = "<group>";
		};
		FFCC0A8F20043E17007BF275 /* TipperUITests */ = {
			isa = PBXGroup;
			children = (
				FFCC0A9020043E17007BF275 /* TipperUITests.swift */,
				FFCC0A9220043E17007BF275 /* Info.plist */,
			);
			path = TipperUITests;
			sourceTree = "<group>";
		};
/* End PBXGroup section */

/* Begin PBXNativeTarget section */
		FFCC0A6C20043E17007BF275 /* Tipper */ = {
			isa = PBXNativeTarget;
			buildConfigurationList = FFCC0A9520043E17007BF275 /* Build configuration list for PBXNativeTarget "Tipper" */;
			buildPhases = (
				FFCC0A6920043E17007BF275 /* Sources */,
				FFCC0A6A20043E17007BF275 /* Frameworks */,
				FFCC0A6B20043E17007BF275 /* Resources */,
			);
			buildRules = (
			);
			dependencies = (
			);
			name = Tipper;
			productName = Tipper;
			productReference = FFCC0A6D20043E17007BF275 /* Tipper.app */;
			productType = "com.apple.product-type.application";
		};
		FFCC0A8020043E17007BF275 /* TipperTests */ = {
			isa = PBXNativeTarget;
			buildConfigurationList = FFCC0A9820043E17007BF275 /* Build configuration list for PBXNativeTarget "TipperTests" */;
			buildPhases = (
				FFCC0A7D20043E17007BF275 /* Sources */,
				FFCC0A7E20043E17007BF275 /* Frameworks */,
				FFCC0A7F20043E17007BF275 /* Resources */,
			);
			buildRules = (
			);
			dependencies = (
				FFCC0A8320043E17007BF275 /* PBXTargetDependency */,
			);
			name = TipperTests;
			productName = TipperTests;
			productReference = FFCC0A8120043E17007BF275 /* TipperTests.xctest */;
			productType = "com.apple.product-type.bundle.unit-test";
		};
		FFCC0A8B20043E17007BF275 /* TipperUITests */ = {
			isa = PBXNativeTarget;
			buildConfigurationList = FFCC0A9B20043E17007BF275 /* Build configuration list for PBXNativeTarget "TipperUITests" */;
			buildPhases = (
				FFCC0A8820043E17007BF275 /* Sources */,
				FFCC0A8920043E17007BF275 /* Frameworks */,
				FFCC0A8A20043E17007BF275 /* Resources */,
			);
			buildRules = (
			);
			dependencies = (
				FFCC0A8E20043E17007BF275 /* PBXTargetDependency */,
			);
			name = TipperUITests;
			productName = TipperUITests;
			productReference = FFCC0A8C20043E17007BF275 /* TipperUITests.xctest */;
			productType = "com.apple.product-type.bundle.ui-testing";
		};
/* End PBXNativeTarget section */

/* Begin PBXProject section */
		FFCC0A6520043E17007BF275 /* Project object */ = {
			isa = PBXProject;
			attributes = {
				LastSwiftUpdateCheck = 0920;
				LastUpgradeCheck = 0920;
				ORGANIZATIONNAME = "Melissa Phuong Nguyen";
				TargetAttributes = {
					FFCC0A6C20043E17007BF275 = {
						CreatedOnToolsVersion = 9.2;
						ProvisioningStyle = Automatic;
					};
					FFCC0A8020043E17007BF275 = {
						CreatedOnToolsVersion = 9.2;
						ProvisioningStyle = Automatic;
						TestTargetID = FFCC0A6C20043E17007BF275;
					};
					FFCC0A8B20043E17007BF275 = {
						CreatedOnToolsVersion = 9.2;
						ProvisioningStyle = Automatic;
						TestTargetID = FFCC0A6C20043E17007BF275;
					};
				};
			};
			buildConfigurationList = FFCC0A6820043E17007BF275 /* Build configuration list for PBXProject "Tipper" */;
			compatibilityVersion = "Xcode 8.0";
			developmentRegion = en;
			hasScannedForEncodings = 0;
			knownRegions = (
				en,
				Base,
			);
			mainGroup = FFCC0A6420043E17007BF275;
			productRefGroup = FFCC0A6E20043E17007BF275 /* Products */;
			projectDirPath = "";
			projectRoot = "";
			targets = (
				FFCC0A6C20043E17007BF275 /* Tipper */,
				FFCC0A8020043E17007BF275 /* TipperTests */,
				FFCC0A8B20043E17007BF275 /* TipperUITests */,
			);
		};
/* End PBXProject section */

/* Begin PBXResourcesBuildPhase section */
		FFCC0A6B20043E17007BF275 /* Resources */ = {
			isa = PBXResourcesBuildPhase;
			buildActionMask = 2147483647;
			files = (
				FFCC0A7B20043E17007BF275 /* LaunchScreen.storyboard in Resources */,
				FFCC0A7820043E17007BF275 /* Assets.xcassets in Resources */,
				FFCC0A7620043E17007BF275 /* Main.storyboard in Resources */,
			);
			runOnlyForDeploymentPostprocessing = 0;
		};
		FFCC0A7F20043E17007BF275 /* Resources */ = {
			isa = PBXResourcesBuildPhase;
			buildActionMask = 2147483647;
			files = (
			);
			runOnlyForDeploymentPostprocessing = 0;
		};
		FFCC0A8A20043E17007BF275 /* Resources */ = {
			isa = PBXResourcesBuildPhase;
			buildActionMask = 2147483647;
			files = (
			);
			runOnlyForDeploymentPostprocessing = 0;
		};
/* End PBXResourcesBuildPhase section */

/* Begin PBXSourcesBuildPhase section */
		FFCC0A6920043E17007BF275 /* Sources */ = {
			isa = PBXSourcesBuildPhase;
			buildActionMask = 2147483647;
			files = (
				FFCC0A7320043E17007BF275 /* ViewController.swift in Sources */,
				FFCC0A7120043E17007BF275 /* AppDelegate.swift in Sources */,
			);
			runOnlyForDeploymentPostprocessing = 0;
		};
		FFCC0A7D20043E17007BF275 /* Sources */ = {
			isa = PBXSourcesBuildPhase;
			buildActionMask = 2147483647;
			files = (
				FFCC0A8620043E17007BF275 /* TipperTests.swift in Sources */,
			);
			runOnlyForDeploymentPostprocessing = 0;
		};
		FFCC0A8820043E17007BF275 /* Sources */ = {
			isa = PBXSourcesBuildPhase;
			buildActionMask = 2147483647;
			files = (
				FFCC0A9120043E17007BF275 /* TipperUITests.swift in Sources */,
			);
			runOnlyForDeploymentPostprocessing = 0;
		};
/* End PBXSourcesBuildPhase section */

/* Begin PBXTargetDependency section */
		FFCC0A8320043E17007BF275 /* PBXTargetDependency */ = {
			isa = PBXTargetDependency;
			target = FFCC0A6C20043E17007BF275 /* Tipper */;
			targetProxy = FFCC0A8220043E17007BF275 /* PBXContainerItemProxy */;
		};
		FFCC0A8E20043E17007BF275 /* PBXTargetDependency */ = {
			isa = PBXTargetDependency;
			target = FFCC0A6C20043E17007BF275 /* Tipper */;
			targetProxy = FFCC0A8D20043E17007BF275 /* PBXContainerItemProxy */;
		};
/* End PBXTargetDependency section */

/* Begin PBXVariantGroup section */
		FFCC0A7420043E17007BF275 /* Main.storyboard */ = {
			isa = PBXVariantGroup;
			children = (
				FFCC0A7520043E17007BF275 /* Base */,
			);
			name = Main.storyboard;
			sourceTree = "<group>";
		};
		FFCC0A7920043E17007BF275 /* LaunchScreen.storyboard */ = {
			isa = PBXVariantGroup;
			children = (
				FFCC0A7A20043E17007BF275 /* Base */,
			);
			name = LaunchScreen.storyboard;
			sourceTree = "<group>";
		};
/* End PBXVariantGroup section */

/* Begin XCBuildConfiguration section */
		FFCC0A9320043E17007BF275 /* Debug */ = {
			isa = XCBuildConfiguration;
			buildSettings = {
				ALWAYS_SEARCH_USER_PATHS = NO;
				CLANG_ANALYZER_NONNULL = YES;
				CLANG_ANALYZER_NUMBER_OBJECT_CONVERSION = YES_AGGRESSIVE;
				CLANG_CXX_LANGUAGE_STANDARD = "gnu++14";
				CLANG_CXX_LIBRARY = "libc++";
				CLANG_ENABLE_MODULES = YES;
				CLANG_ENABLE_OBJC_ARC = YES;
				CLANG_WARN_BLOCK_CAPTURE_AUTORELEASING = YES;
				CLANG_WARN_BOOL_CONVERSION = YES;
				CLANG_WARN_COMMA = YES;
				CLANG_WARN_CONSTANT_CONVERSION = YES;
				CLANG_WARN_DIRECT_OBJC_ISA_USAGE = YES_ERROR;
				CLANG_WARN_DOCUMENTATION_COMMENTS = YES;
				CLANG_WARN_EMPTY_BODY = YES;
				CLANG_WARN_ENUM_CONVERSION = YES;
				CLANG_WARN_INFINITE_RECURSION = YES;
				CLANG_WARN_INT_CONVERSION = YES;
				CLANG_WARN_NON_LITERAL_NULL_CONVERSION = YES;
				CLANG_WARN_OBJC_LITERAL_CONVERSION = YES;
				CLANG_WARN_OBJC_ROOT_CLASS = YES_ERROR;
				CLANG_WARN_RANGE_LOOP_ANALYSIS = YES;
				CLANG_WARN_STRICT_PROTOTYPES = YES;
				CLANG_WARN_SUSPICIOUS_MOVE = YES;
				CLANG_WARN_UNGUARDED_AVAILABILITY = YES_AGGRESSIVE;
				CLANG_WARN_UNREACHABLE_CODE = YES;
				CLANG_WARN__DUPLICATE_METHOD_MATCH = YES;
				CODE_SIGN_IDENTITY = "iPhone Developer";
				COPY_PHASE_STRIP = NO;
				DEBUG_INFORMATION_FORMAT = dwarf;
				ENABLE_STRICT_OBJC_MSGSEND = YES;
				ENABLE_TESTABILITY = YES;
				GCC_C_LANGUAGE_STANDARD = gnu11;
				GCC_DYNAMIC_NO_PIC = NO;
				GCC_NO_COMMON_BLOCKS = YES;
				GCC_OPTIMIZATION_LEVEL = 0;
				GCC_PREPROCESSOR_DEFINITIONS = (
					"DEBUG=1",
					"$(inherited)",
				);
				GCC_WARN_64_TO_32_BIT_CONVERSION = YES;
				GCC_WARN_ABOUT_RETURN_TYPE = YES_ERROR;
				GCC_WARN_UNDECLARED_SELECTOR = YES;
				GCC_WARN_UNINITIALIZED_AUTOS = YES_AGGRESSIVE;
				GCC_WARN_UNUSED_FUNCTION = YES;
				GCC_WARN_UNUSED_VARIABLE = YES;
				IPHONEOS_DEPLOYMENT_TARGET = 11.2;
				MTL_ENABLE_DEBUG_INFO = YES;
				ONLY_ACTIVE_ARCH = YES;
				SDKROOT = iphoneos;
				SWIFT_ACTIVE_COMPILATION_CONDITIONS = DEBUG;
				SWIFT_OPTIMIZATION_LEVEL = "-Onone";
			};
			name = Debug;
		};
		FFCC0A9420043E17007BF275 /* Release */ = {
			isa = XCBuildConfiguration;
			buildSettings = {
				ALWAYS_SEARCH_USER_PATHS = NO;
				CLANG_ANALYZER_NONNULL = YES;
				CLANG_ANALYZER_NUMBER_OBJECT_CONVERSION = YES_AGGRESSIVE;
				CLANG_CXX_LANGUAGE_STANDARD = "gnu++14";
				CLANG_CXX_LIBRARY = "libc++";
				CLANG_ENABLE_MODULES = YES;
				CLANG_ENABLE_OBJC_ARC = YES;
				CLANG_WARN_BLOCK_CAPTURE_AUTORELEASING = YES;
				CLANG_WARN_BOOL_CONVERSION = YES;
				CLANG_WARN_COMMA = YES;
				CLANG_WARN_CONSTANT_CONVERSION = YES;
				CLANG_WARN_DIRECT_OBJC_ISA_USAGE = YES_ERROR;
				CLANG_WARN_DOCUMENTATION_COMMENTS = YES;
				CLANG_WARN_EMPTY_BODY = YES;
				CLANG_WARN_ENUM_CONVERSION = YES;
				CLANG_WARN_INFINITE_RECURSION = YES;
				CLANG_WARN_INT_CONVERSION = YES;
				CLANG_WARN_NON_LITERAL_NULL_CONVERSION = YES;
				CLANG_WARN_OBJC_LITERAL_CONVERSION = YES;
				CLANG_WARN_OBJC_ROOT_CLASS = YES_ERROR;
				CLANG_WARN_RANGE_LOOP_ANALYSIS = YES;
				CLANG_WARN_STRICT_PROTOTYPES = YES;
				CLANG_WARN_SUSPICIOUS_MOVE = YES;
				CLANG_WARN_UNGUARDED_AVAILABILITY = YES_AGGRESSIVE;
				CLANG_WARN_UNREACHABLE_CODE = YES;
				CLANG_WARN__DUPLICATE_METHOD_MATCH = YES;
				CODE_SIGN_IDENTITY = "iPhone Developer";
				COPY_PHASE_STRIP = NO;
				DEBUG_INFORMATION_FORMAT = "dwarf-with-dsym";
				ENABLE_NS_ASSERTIONS = NO;
				ENABLE_STRICT_OBJC_MSGSEND = YES;
				GCC_C_LANGUAGE_STANDARD = gnu11;
				GCC_NO_COMMON_BLOCKS = YES;
				GCC_WARN_64_TO_32_BIT_CONVERSION = YES;
				GCC_WARN_ABOUT_RETURN_TYPE = YES_ERROR;
				GCC_WARN_UNDECLARED_SELECTOR = YES;
				GCC_WARN_UNINITIALIZED_AUTOS = YES_AGGRESSIVE;
				GCC_WARN_UNUSED_FUNCTION = YES;
				GCC_WARN_UNUSED_VARIABLE = YES;
				IPHONEOS_DEPLOYMENT_TARGET = 11.2;
				MTL_ENABLE_DEBUG_INFO = NO;
				SDKROOT = iphoneos;
				SWIFT_OPTIMIZATION_LEVEL = "-Owholemodule";
				VALIDATE_PRODUCT = YES;
			};
			name = Release;
		};
		FFCC0A9620043E17007BF275 /* Debug */ = {
			isa = XCBuildConfiguration;
			buildSettings = {
				ASSETCATALOG_COMPILER_APPICON_NAME = AppIcon;
				CODE_SIGN_STYLE = Automatic;
				INFOPLIST_FILE = Tipper/Info.plist;
				LD_RUNPATH_SEARCH_PATHS = "$(inherited) @executable_path/Frameworks";
				PRODUCT_BUNDLE_IDENTIFIER = com.melissanguyen.Tipper;
				PRODUCT_NAME = "$(TARGET_NAME)";
				SWIFT_VERSION = 4.0;
				TARGETED_DEVICE_FAMILY = "1,2";
			};
			name = Debug;
		};
		FFCC0A9720043E17007BF275 /* Release */ = {
			isa = XCBuildConfiguration;
			buildSettings = {
				ASSETCATALOG_COMPILER_APPICON_NAME = AppIcon;
				CODE_SIGN_STYLE = Automatic;
				INFOPLIST_FILE = Tipper/Info.plist;
				LD_RUNPATH_SEARCH_PATHS = "$(inherited) @executable_path/Frameworks";
				PRODUCT_BUNDLE_IDENTIFIER = com.melissanguyen.Tipper;
				PRODUCT_NAME = "$(TARGET_NAME)";
				SWIFT_VERSION = 4.0;
				TARGETED_DEVICE_FAMILY = "1,2";
			};
			name = Release;
		};
		FFCC0A9920043E17007BF275 /* Debug */ = {
			isa = XCBuildConfiguration;
			buildSettings = {
				ALWAYS_EMBED_SWIFT_STANDARD_LIBRARIES = YES;
				BUNDLE_LOADER = "$(TEST_HOST)";
				CODE_SIGN_STYLE = Automatic;
				INFOPLIST_FILE = TipperTests/Info.plist;
				LD_RUNPATH_SEARCH_PATHS = "$(inherited) @executable_path/Frameworks @loader_path/Frameworks";
				PRODUCT_BUNDLE_IDENTIFIER = com.melissanguyen.TipperTests;
				PRODUCT_NAME = "$(TARGET_NAME)";
				SWIFT_VERSION = 4.0;
				TARGETED_DEVICE_FAMILY = "1,2";
				TEST_HOST = "$(BUILT_PRODUCTS_DIR)/Tipper.app/Tipper";
			};
			name = Debug;
		};
		FFCC0A9A20043E17007BF275 /* Release */ = {
			isa = XCBuildConfiguration;
			buildSettings = {
				ALWAYS_EMBED_SWIFT_STANDARD_LIBRARIES = YES;
				BUNDLE_LOADER = "$(TEST_HOST)";
				CODE_SIGN_STYLE = Automatic;
				INFOPLIST_FILE = TipperTests/Info.plist;
				LD_RUNPATH_SEARCH_PATHS = "$(inherited) @executable_path/Frameworks @loader_path/Frameworks";
				PRODUCT_BUNDLE_IDENTIFIER = com.melissanguyen.TipperTests;
				PRODUCT_NAME = "$(TARGET_NAME)";
				SWIFT_VERSION = 4.0;
				TARGETED_DEVICE_FAMILY = "1,2";
				TEST_HOST = "$(BUILT_PRODUCTS_DIR)/Tipper.app/Tipper";
			};
			name = Release;
		};
		FFCC0A9C20043E17007BF275 /* Debug */ = {
			isa = XCBuildConfiguration;
			buildSettings = {
				ALWAYS_EMBED_SWIFT_STANDARD_LIBRARIES = YES;
				CODE_SIGN_STYLE = Automatic;
				INFOPLIST_FILE = TipperUITests/Info.plist;
				LD_RUNPATH_SEARCH_PATHS = "$(inherited) @executable_path/Frameworks @loader_path/Frameworks";
				PRODUCT_BUNDLE_IDENTIFIER = com.melissanguyen.TipperUITests;
				PRODUCT_NAME = "$(TARGET_NAME)";
				SWIFT_VERSION = 4.0;
				TARGETED_DEVICE_FAMILY = "1,2";
				TEST_TARGET_NAME = Tipper;
			};
			name = Debug;
		};
		FFCC0A9D20043E17007BF275 /* Release */ = {
			isa = XCBuildConfiguration;
			buildSettings = {
				ALWAYS_EMBED_SWIFT_STANDARD_LIBRARIES = YES;
				CODE_SIGN_STYLE = Automatic;
				INFOPLIST_FILE = TipperUITests/Info.plist;
				LD_RUNPATH_SEARCH_PATHS = "$(inherited) @executable_path/Frameworks @loader_path/Frameworks";
				PRODUCT_BUNDLE_IDENTIFIER = com.melissanguyen.TipperUITests;
				PRODUCT_NAME = "$(TARGET_NAME)";
				SWIFT_VERSION = 4.0;
				TARGETED_DEVICE_FAMILY = "1,2";
				TEST_TARGET_NAME = Tipper;
			};
			name = Release;
		};
/* End XCBuildConfiguration section */

/* Begin XCConfigurationList section */
		FFCC0A6820043E17007BF275 /* Build configuration list for PBXProject "Tipper" */ = {
			isa = XCConfigurationList;
			buildConfigurations = (
				FFCC0A9320043E17007BF275 /* Debug */,
				FFCC0A9420043E17007BF275 /* Release */,
			);
			defaultConfigurationIsVisible = 0;
			defaultConfigurationName = Release;
		};
		FFCC0A9520043E17007BF275 /* Build configuration list for PBXNativeTarget "Tipper" */ = {
			isa = XCConfigurationList;
			buildConfigurations = (
				FFCC0A9620043E17007BF275 /* Debug */,
				FFCC0A9720043E17007BF275 /* Release */,
			);
			defaultConfigurationIsVisible = 0;
			defaultConfigurationName = Release;
		};
		FFCC0A9820043E17007BF275 /* Build configuration list for PBXNativeTarget "TipperTests" */ = {
			isa = XCConfigurationList;
			buildConfigurations = (
				FFCC0A9920043E17007BF275 /* Debug */,
				FFCC0A9A20043E17007BF275 /* Release */,
			);
			defaultConfigurationIsVisible = 0;
			defaultConfigurationName = Release;
		};
		FFCC0A9B20043E17007BF275 /* Build configuration list for PBXNativeTarget "TipperUITests" */ = {
			isa = XCConfigurationList;
			buildConfigurations = (
				FFCC0A9C20043E17007BF275 /* Debug */,
				FFCC0A9D20043E17007BF275 /* Release */,
			);
			defaultConfigurationIsVisible = 0;
			defaultConfigurationName = Release;
		};
/* End XCConfigurationList section */
	};
	rootObject = FFCC0A6520043E17007BF275 /* Project object */;
}
